// !$*UTF8*$!
{
	archiveVersion = 1;
	classes = {
	};
	objectVersion = 46;
	objects = {

/* Begin PBXBuildFile section */
		C52C9D291B66028300C995CC /* main.m in Sources */ = {isa = PBXBuildFile; fileRef = C52C9D281B66028300C995CC /* main.m */; };
		C52C9D2C1B66028300C995CC /* AppDelegate.m in Sources */ = {isa = PBXBuildFile; fileRef = C52C9D2B1B66028300C995CC /* AppDelegate.m */; };
		C52C9D2F1B66028300C995CC /* ViewController.m in Sources */ = {isa = PBXBuildFile; fileRef = C52C9D2E1B66028300C995CC /* ViewController.m */; };
		C52C9D321B66028300C995CC /* Main.storyboard in Resources */ = {isa = PBXBuildFile; fileRef = C52C9D301B66028300C995CC /* Main.storyboard */; };
		C52C9D341B66028300C995CC /* Images.xcassets in Resources */ = {isa = PBXBuildFile; fileRef = C52C9D331B66028300C995CC /* Images.xcassets */; };
		C52C9D371B66028300C995CC /* LaunchScreen.xib in Resources */ = {isa = PBXBuildFile; fileRef = C52C9D351B66028300C995CC /* LaunchScreen.xib */; };
		C52C9D431B66028400C995CC /* DMMCDemoTests.m in Sources */ = {isa = PBXBuildFile; fileRef = C52C9D421B66028400C995CC /* DMMCDemoTests.m */; };
		C5566D931B672BF500CD5CAC /* CollectionHeader.m in Sources */ = {isa = PBXBuildFile; fileRef = C5566D921B672BF500CD5CAC /* CollectionHeader.m */; };
		C5566D971B67485E00CD5CAC /* HWLayout.m in Sources */ = {isa = PBXBuildFile; fileRef = C5566D961B67485E00CD5CAC /* HWLayout.m */; };
		C571661F1B68A1B200BEF382 /* BaseController.m in Sources */ = {isa = PBXBuildFile; fileRef = C571661E1B68A1B200BEF382 /* BaseController.m */; };
		C57166251B68A1D000BEF382 /* PopAnimation.m in Sources */ = {isa = PBXBuildFile; fileRef = C57166221B68A1D000BEF382 /* PopAnimation.m */; };
		C57166261B68A1D000BEF382 /* PushAnimation.m in Sources */ = {isa = PBXBuildFile; fileRef = C57166241B68A1D000BEF382 /* PushAnimation.m */; };
		C57166291B68A1FB00BEF382 /* SecondController.m in Sources */ = {isa = PBXBuildFile; fileRef = C57166281B68A1FB00BEF382 /* SecondController.m */; };
		C576602B1B675E8700F30404 /* HWCell.m in Sources */ = {isa = PBXBuildFile; fileRef = C576602A1B675E8700F30404 /* HWCell.m */; };
/* End PBXBuildFile section */

/* Begin PBXContainerItemProxy section */
		C52C9D3D1B66028400C995CC /* PBXContainerItemProxy */ = {
			isa = PBXContainerItemProxy;
			containerPortal = C52C9D1B1B66028300C995CC /* Project object */;
			proxyType = 1;
			remoteGlobalIDString = C52C9D221B66028300C995CC;
			remoteInfo = DMMCDemo;
		};
/* End PBXContainerItemProxy section */

/* Begin PBXFileReference section */
		C52C9D231B66028300C995CC /* DMMCDemo.app */ = {isa = PBXFileReference; explicitFileType = wrapper.application; includeInIndex = 0; path = DMMCDemo.app; sourceTree = BUILT_PRODUCTS_DIR; };
		C52C9D271B66028300C995CC /* Info.plist */ = {isa = PBXFileReference; lastKnownFileType = text.plist.xml; path = Info.plist; sourceTree = "<group>"; };
		C52C9D281B66028300C995CC /* main.m */ = {isa = PBXFileReference; lastKnownFileType = sourcecode.c.objc; path = main.m; sourceTree = "<group>"; };
		C52C9D2A1B66028300C995CC /* AppDelegate.h */ = {isa = PBXFileReference; lastKnownFileType = sourcecode.c.h; path = AppDelegate.h; sourceTree = "<group>"; };
		C52C9D2B1B66028300C995CC /* AppDelegate.m */ = {isa = PBXFileReference; lastKnownFileType = sourcecode.c.objc; path = AppDelegate.m; sourceTree = "<group>"; };
		C52C9D2D1B66028300C995CC /* ViewController.h */ = {isa = PBXFileReference; lastKnownFileType = sourcecode.c.h; path = ViewController.h; sourceTree = "<group>"; };
		C52C9D2E1B66028300C995CC /* ViewController.m */ = {isa = PBXFileReference; lastKnownFileType = sourcecode.c.objc; path = ViewController.m; sourceTree = "<group>"; };
		C52C9D311B66028300C995CC /* Base */ = {isa = PBXFileReference; lastKnownFileType = file.storyboard; name = Base; path = Base.lproj/Main.storyboard; sourceTree = "<group>"; };
		C52C9D331B66028300C995CC /* Images.xcassets */ = {isa = PBXFileReference; lastKnownFileType = folder.assetcatalog; path = Images.xcassets; sourceTree = "<group>"; };
		C52C9D361B66028300C995CC /* Base */ = {isa = PBXFileReference; lastKnownFileType = file.xib; name = Base; path = Base.lproj/LaunchScreen.xib; sourceTree = "<group>"; };
		C52C9D3C1B66028400C995CC /* DMMCDemoTests.xctest */ = {isa = PBXFileReference; explicitFileType = wrapper.cfbundle; includeInIndex = 0; path = DMMCDemoTests.xctest; sourceTree = BUILT_PRODUCTS_DIR; };
		C52C9D411B66028400C995CC /* Info.plist */ = {isa = PBXFileReference; lastKnownFileType = text.plist.xml; path = Info.plist; sourceTree = "<group>"; };
		C52C9D421B66028400C995CC /* DMMCDemoTests.m */ = {isa = PBXFileReference; lastKnownFileType = sourcecode.c.objc; path = DMMCDemoTests.m; sourceTree = "<group>"; };
		C5566D911B672BF500CD5CAC /* CollectionHeader.h */ = {isa = PBXFileReference; fileEncoding = 4; lastKnownFileType = sourcecode.c.h; path = CollectionHeader.h; sourceTree = "<group>"; };
		C5566D921B672BF500CD5CAC /* CollectionHeader.m */ = {isa = PBXFileReference; fileEncoding = 4; lastKnownFileType = sourcecode.c.objc; path = CollectionHeader.m; sourceTree = "<group>"; };
		C5566D951B67485E00CD5CAC /* HWLayout.h */ = {isa = PBXFileReference; fileEncoding = 4; lastKnownFileType = sourcecode.c.h; path = HWLayout.h; sourceTree = "<group>"; };
		C5566D961B67485E00CD5CAC /* HWLayout.m */ = {isa = PBXFileReference; fileEncoding = 4; lastKnownFileType = sourcecode.c.objc; path = HWLayout.m; sourceTree = "<group>"; };
		C571661D1B68A1B200BEF382 /* BaseController.h */ = {isa = PBXFileReference; fileEncoding = 4; lastKnownFileType = sourcecode.c.h; path = BaseController.h; sourceTree = "<group>"; };
		C571661E1B68A1B200BEF382 /* BaseController.m */ = {isa = PBXFileReference; fileEncoding = 4; lastKnownFileType = sourcecode.c.objc; path = BaseController.m; sourceTree = "<group>"; };
		C57166211B68A1D000BEF382 /* PopAnimation.h */ = {isa = PBXFileReference; fileEncoding = 4; lastKnownFileType = sourcecode.c.h; path = PopAnimation.h; sourceTree = "<group>"; };
		C57166221B68A1D000BEF382 /* PopAnimation.m */ = {isa = PBXFileReference; fileEncoding = 4; lastKnownFileType = sourcecode.c.objc; path = PopAnimation.m; sourceTree = "<group>"; };
		C57166231B68A1D000BEF382 /* PushAnimation.h */ = {isa = PBXFileReference; fileEncoding = 4; lastKnownFileType = sourcecode.c.h; path = PushAnimation.h; sourceTree = "<group>"; };
		C57166241B68A1D000BEF382 /* PushAnimation.m */ = {isa = PBXFileReference; fileEncoding = 4; lastKnownFileType = sourcecode.c.objc; path = PushAnimation.m; sourceTree = "<group>"; };
		C57166271B68A1FB00BEF382 /* SecondController.h */ = {isa = PBXFileReference; fileEncoding = 4; lastKnownFileType = sourcecode.c.h; path = SecondController.h; sourceTree = "<group>"; };
		C57166281B68A1FB00BEF382 /* SecondController.m */ = {isa = PBXFileReference; fileEncoding = 4; lastKnownFileType = sourcecode.c.objc; path = SecondController.m; sourceTree = "<group>"; };
		C57660291B675E8700F30404 /* HWCell.h */ = {isa = PBXFileReference; fileEncoding = 4; lastKnownFileType = sourcecode.c.h; path = HWCell.h; sourceTree = "<group>"; };
		C576602A1B675E8700F30404 /* HWCell.m */ = {isa = PBXFileReference; fileEncoding = 4; lastKnownFileType = sourcecode.c.objc; path = HWCell.m; sourceTree = "<group>"; };
/* End PBXFileReference section */

/* Begin PBXFrameworksBuildPhase section */
		C52C9D201B66028300C995CC /* Frameworks */ = {
			isa = PBXFrameworksBuildPhase;
			buildActionMask = 2147483647;
			files = (
			);
			runOnlyForDeploymentPostprocessing = 0;
		};
		C52C9D391B66028400C995CC /* Frameworks */ = {
			isa = PBXFrameworksBuildPhase;
			buildActionMask = 2147483647;
			files = (
			);
			runOnlyForDeploymentPostprocessing = 0;
		};
/* End PBXFrameworksBuildPhase section */

/* Begin PBXGroup section */
		C52C9D1A1B66028300C995CC = {
			isa = PBXGroup;
			children = (
				C52C9D251B66028300C995CC /* DMMCDemo */,
				C52C9D3F1B66028400C995CC /* DMMCDemoTests */,
				C52C9D241B66028300C995CC /* Products */,
			);
			sourceTree = "<group>";
		};
		C52C9D241B66028300C995CC /* Products */ = {
			isa = PBXGroup;
			children = (
				C52C9D231B66028300C995CC /* DMMCDemo.app */,
				C52C9D3C1B66028400C995CC /* DMMCDemoTests.xctest */,
			);
			name = Products;
			sourceTree = "<group>";
		};
		C52C9D251B66028300C995CC /* DMMCDemo */ = {
			isa = PBXGroup;
			children = (
				C52C9D2A1B66028300C995CC /* AppDelegate.h */,
				C52C9D2B1B66028300C995CC /* AppDelegate.m */,
				C52C9D2D1B66028300C995CC /* ViewController.h */,
				C52C9D2E1B66028300C995CC /* ViewController.m */,
				C57166271B68A1FB00BEF382 /* SecondController.h */,
				C57166281B68A1FB00BEF382 /* SecondController.m */,
				C57166201B68A1C300BEF382 /* AnimationClass */,
				C571661C1B68A19F00BEF382 /* BaseViewController */,
				C5566D941B672EA800CD5CAC /* Layout */,
				C5566D901B672BCE00CD5CAC /* Views */,
				C52C9D301B66028300C995CC /* Main.storyboard */,
				C52C9D331B66028300C995CC /* Images.xcassets */,
				C52C9D351B66028300C995CC /* LaunchScreen.xib */,
				C52C9D261B66028300C995CC /* Supporting Files */,
			);
			path = DMMCDemo;
			sourceTree = "<group>";
		};
		C52C9D261B66028300C995CC /* Supporting Files */ = {
			isa = PBXGroup;
			children = (
				C52C9D271B66028300C995CC /* Info.plist */,
				C52C9D281B66028300C995CC /* main.m */,
			);
			name = "Supporting Files";
			sourceTree = "<group>";
		};
		C52C9D3F1B66028400C995CC /* DMMCDemoTests */ = {
			isa = PBXGroup;
			children = (
				C52C9D421B66028400C995CC /* DMMCDemoTests.m */,
				C52C9D401B66028400C995CC /* Supporting Files */,
			);
			path = DMMCDemoTests;
			sourceTree = "<group>";
		};
		C52C9D401B66028400C995CC /* Supporting Files */ = {
			isa = PBXGroup;
			children = (
				C52C9D411B66028400C995CC /* Info.plist */,
			);
			name = "Supporting Files";
			sourceTree = "<group>";
		};
		C5566D901B672BCE00CD5CAC /* Views */ = {
			isa = PBXGroup;
			children = (
				C5566D911B672BF500CD5CAC /* CollectionHeader.h */,
				C5566D921B672BF500CD5CAC /* CollectionHeader.m */,
				C57660291B675E8700F30404 /* HWCell.h */,
				C576602A1B675E8700F30404 /* HWCell.m */,
			);
			name = Views;
			sourceTree = "<group>";
		};
		C5566D941B672EA800CD5CAC /* Layout */ = {
			isa = PBXGroup;
			children = (
				C5566D951B67485E00CD5CAC /* HWLayout.h */,
				C5566D961B67485E00CD5CAC /* HWLayout.m */,
			);
			name = Layout;
			sourceTree = "<group>";
		};
		C571661C1B68A19F00BEF382 /* BaseViewController */ = {
			isa = PBXGroup;
			children = (
				C571661D1B68A1B200BEF382 /* BaseController.h */,
				C571661E1B68A1B200BEF382 /* BaseController.m */,
			);
			name = BaseViewController;
			sourceTree = "<group>";
		};
		C57166201B68A1C300BEF382 /* AnimationClass */ = {
			isa = PBXGroup;
			children = (
				C57166231B68A1D000BEF382 /* PushAnimation.h */,
				C57166241B68A1D000BEF382 /* PushAnimation.m */,
				C57166211B68A1D000BEF382 /* PopAnimation.h */,
				C57166221B68A1D000BEF382 /* PopAnimation.m */,
			);
			name = AnimationClass;
			sourceTree = "<group>";
		};
/* End PBXGroup section */

/* Begin PBXNativeTarget section */
		C52C9D221B66028300C995CC /* DMMCDemo */ = {
			isa = PBXNativeTarget;
			buildConfigurationList = C52C9D461B66028400C995CC /* Build configuration list for PBXNativeTarget "DMMCDemo" */;
			buildPhases = (
				C52C9D1F1B66028300C995CC /* Sources */,
				C52C9D201B66028300C995CC /* Frameworks */,
				C52C9D211B66028300C995CC /* Resources */,
			);
			buildRules = (
			);
			dependencies = (
			);
			name = DMMCDemo;
			productName = DMMCDemo;
			productReference = C52C9D231B66028300C995CC /* DMMCDemo.app */;
			productType = "com.apple.product-type.application";
		};
		C52C9D3B1B66028400C995CC /* DMMCDemoTests */ = {
			isa = PBXNativeTarget;
			buildConfigurationList = C52C9D491B66028400C995CC /* Build configuration list for PBXNativeTarget "DMMCDemoTests" */;
			buildPhases = (
				C52C9D381B66028400C995CC /* Sources */,
				C52C9D391B66028400C995CC /* Frameworks */,
				C52C9D3A1B66028400C995CC /* Resources */,
			);
			buildRules = (
			);
			dependencies = (
				C52C9D3E1B66028400C995CC /* PBXTargetDependency */,
			);
			name = DMMCDemoTests;
			productName = DMMCDemoTests;
			productReference = C52C9D3C1B66028400C995CC /* DMMCDemoTests.xctest */;
			productType = "com.apple.product-type.bundle.unit-test";
		};
/* End PBXNativeTarget section */

/* Begin PBXProject section */
		C52C9D1B1B66028300C995CC /* Project object */ = {
			isa = PBXProject;
			attributes = {
				LastUpgradeCheck = 0640;
				ORGANIZATIONNAME = hongw;
				TargetAttributes = {
					C52C9D221B66028300C995CC = {
						CreatedOnToolsVersion = 6.4;
					};
					C52C9D3B1B66028400C995CC = {
						CreatedOnToolsVersion = 6.4;
						TestTargetID = C52C9D221B66028300C995CC;
					};
				};
			};
			buildConfigurationList = C52C9D1E1B66028300C995CC /* Build configuration list for PBXProject "DMMCDemo" */;
			compatibilityVersion = "Xcode 3.2";
			developmentRegion = English;
			hasScannedForEncodings = 0;
			knownRegions = (
				en,
				Base,
			);
			mainGroup = C52C9D1A1B66028300C995CC;
			productRefGroup = C52C9D241B66028300C995CC /* Products */;
			projectDirPath = "";
			projectRoot = "";
			targets = (
				C52C9D221B66028300C995CC /* DMMCDemo */,
				C52C9D3B1B66028400C995CC /* DMMCDemoTests */,
			);
		};
/* End PBXProject section */

/* Begin PBXResourcesBuildPhase section */
		C52C9D211B66028300C995CC /* Resources */ = {
			isa = PBXResourcesBuildPhase;
			buildActionMask = 2147483647;
			files = (
				C52C9D321B66028300C995CC /* Main.storyboard in Resources */,
				C52C9D371B66028300C995CC /* LaunchScreen.xib in Resources */,
				C52C9D341B66028300C995CC /* Images.xcassets in Resources */,
			);
			runOnlyForDeploymentPostprocessing = 0;
		};
		C52C9D3A1B66028400C995CC /* Resources */ = {
			isa = PBXResourcesBuildPhase;
			buildActionMask = 2147483647;
			files = (
			);
			runOnlyForDeploymentPostprocessing = 0;
		};
/* End PBXResourcesBuildPhase section */

/* Begin PBXSourcesBuildPhase section */
		C52C9D1F1B66028300C995CC /* Sources */ = {
			isa = PBXSourcesBuildPhase;
			buildActionMask = 2147483647;
			files = (
				C57166251B68A1D000BEF382 /* PopAnimation.m in Sources */,
				C52C9D2F1B66028300C995CC /* ViewController.m in Sources */,
				C571661F1B68A1B200BEF382 /* BaseController.m in Sources */,
				C5566D971B67485E00CD5CAC /* HWLayout.m in Sources */,
				C576602B1B675E8700F30404 /* HWCell.m in Sources */,
				C52C9D2C1B66028300C995CC /* AppDelegate.m in Sources */,
				C5566D931B672BF500CD5CAC /* CollectionHeader.m in Sources */,
				C57166291B68A1FB00BEF382 /* SecondController.m in Sources */,
				C52C9D291B66028300C995CC /* main.m in Sources */,
				C57166261B68A1D000BEF382 /* PushAnimation.m in Sources */,
			);
			runOnlyForDeploymentPostprocessing = 0;
		};
		C52C9D381B66028400C995CC /* Sources */ = {
			isa = PBXSourcesBuildPhase;
			buildActionMask = 2147483647;
			files = (
				C52C9D431B66028400C995CC /* DMMCDemoTests.m in Sources */,
			);
			runOnlyForDeploymentPostprocessing = 0;
		};
/* End PBXSourcesBuildPhase section */

/* Begin PBXTargetDependency section */
		C52C9D3E1B66028400C995CC /* PBXTargetDependency */ = {
			isa = PBXTargetDependency;
			target = C52C9D221B66028300C995CC /* DMMCDemo */;
			targetProxy = C52C9D3D1B66028400C995CC /* PBXContainerItemProxy */;
		};
/* End PBXTargetDependency section */

/* Begin PBXVariantGroup section */
		C52C9D301B66028300C995CC /* Main.storyboard */ = {
			isa = PBXVariantGroup;
			children = (
				C52C9D311B66028300C995CC /* Base */,
			);
			name = Main.storyboard;
			sourceTree = "<group>";
		};
		C52C9D351B66028300C995CC /* LaunchScreen.xib */ = {
			isa = PBXVariantGroup;
			children = (
				C52C9D361B66028300C995CC /* Base */,
			);
			name = LaunchScreen.xib;
			sourceTree = "<group>";
		};
/* End PBXVariantGroup section */

/* Begin XCBuildConfiguration section */
		C52C9D441B66028400C995CC /* Debug */ = {
			isa = XCBuildConfiguration;
			buildSettings = {
				ALWAYS_SEARCH_USER_PATHS = NO;
				CLANG_CXX_LANGUAGE_STANDARD = "gnu++0x";
				CLANG_CXX_LIBRARY = "libc++";
				CLANG_ENABLE_MODULES = YES;
				CLANG_ENABLE_OBJC_ARC = YES;
				CLANG_WARN_BOOL_CONVERSION = YES;
				CLANG_WARN_CONSTANT_CONVERSION = YES;
				CLANG_WARN_DIRECT_OBJC_ISA_USAGE = YES_ERROR;
				CLANG_WARN_EMPTY_BODY = YES;
				CLANG_WARN_ENUM_CONVERSION = YES;
				CLANG_WARN_INT_CONVERSION = YES;
				CLANG_WARN_OBJC_ROOT_CLASS = YES_ERROR;
				CLANG_WARN_UNREACHABLE_CODE = YES;
				CLANG_WARN__DUPLICATE_METHOD_MATCH = YES;
				"CODE_SIGN_IDENTITY[sdk=iphoneos*]" = "iPhone Developer";
				COPY_PHASE_STRIP = NO;
				DEBUG_INFORMATION_FORMAT = "dwarf-with-dsym";
				ENABLE_STRICT_OBJC_MSGSEND = YES;
				GCC_C_LANGUAGE_STANDARD = gnu99;
				GCC_DYNAMIC_NO_PIC = NO;
				GCC_NO_COMMON_BLOCKS = YES;
				GCC_OPTIMIZATION_LEVEL = 0;
				GCC_PREPROCESSOR_DEFINITIONS = (
					"DEBUG=1",
					"$(inherited)",
				);
				GCC_SYMBOLS_PRIVATE_EXTERN = NO;
				GCC_WARN_64_TO_32_BIT_CONVERSION = YES;
				GCC_WARN_ABOUT_RETURN_TYPE = YES_ERROR;
				GCC_WARN_UNDECLARED_SELECTOR = YES;
				GCC_WARN_UNINITIALIZED_AUTOS = YES_AGGRESSIVE;
				GCC_WARN_UNUSED_FUNCTION = YES;
				GCC_WARN_UNUSED_VARIABLE = YES;
				IPHONEOS_DEPLOYMENT_TARGET = 8.4;
				MTL_ENABLE_DEBUG_INFO = YES;
				ONLY_ACTIVE_ARCH = YES;
				SDKROOT = iphoneos;
			};
			name = Debug;
		};
		C52C9D451B66028400C995CC /* Release */ = {
			isa = XCBuildConfiguration;
			buildSettings = {
				ALWAYS_SEARCH_USER_PATHS = NO;
				CLANG_CXX_LANGUAGE_STANDARD = "gnu++0x";
				CLANG_CXX_LIBRARY = "libc++";
				CLANG_ENABLE_MODULES = YES;
				CLANG_ENABLE_OBJC_ARC = YES;
				CLANG_WARN_BOOL_CONVERSION = YES;
				CLANG_WARN_CONSTANT_CONVERSION = YES;
				CLANG_WARN_DIRECT_OBJC_ISA_USAGE = YES_ERROR;
				CLANG_WARN_EMPTY_BODY = YES;
				CLANG_WARN_ENUM_CONVERSION = YES;
				CLANG_WARN_INT_CONVERSION = YES;
				CLANG_WARN_OBJC_ROOT_CLASS = YES_ERROR;
				CLANG_WARN_UNREACHABLE_CODE = YES;
				CLANG_WARN__DUPLICATE_METHOD_MATCH = YES;
				"CODE_SIGN_IDENTITY[sdk=iphoneos*]" = "iPhone Developer";
				COPY_PHASE_STRIP = NO;
				DEBUG_INFORMATION_FORMAT = "dwarf-with-dsym";
				ENABLE_NS_ASSERTIONS = NO;
				ENABLE_STRICT_OBJC_MSGSEND = YES;
				GCC_C_LANGUAGE_STANDARD = gnu99;
				GCC_NO_COMMON_BLOCKS = YES;
				GCC_WARN_64_TO_32_BIT_CONVERSION = YES;
				GCC_WARN_ABOUT_RETURN_TYPE = YES_ERROR;
				GCC_WARN_UNDECLARED_SELECTOR = YES;
				GCC_WARN_UNINITIALIZED_AUTOS = YES_AGGRESSIVE;
				GCC_WARN_UNUSED_FUNCTION = YES;
				GCC_WARN_UNUSED_VARIABLE = YES;
				IPHONEOS_DEPLOYMENT_TARGET = 8.4;
				MTL_ENABLE_DEBUG_INFO = NO;
				SDKROOT = iphoneos;
				VALIDATE_PRODUCT = YES;
			};
			name = Release;
		};
		C52C9D471B66028400C995CC /* Debug */ = {
			isa = XCBuildConfiguration;
			buildSettings = {
				ASSETCATALOG_COMPILER_APPICON_NAME = AppIcon;
				CODE_SIGN_IDENTITY = "iPhone Developer: jie wang (9MC24KTUNK)";
				"CODE_SIGN_IDENTITY[sdk=iphoneos*]" = "iPhone Developer: jie wang (9MC24KTUNK)";
				INFOPLIST_FILE = DMMCDemo/Info.plist;
				LD_RUNPATH_SEARCH_PATHS = "$(inherited) @executable_path/Frameworks";
				PRODUCT_NAME = "$(TARGET_NAME)";
				PROVISIONING_PROFILE = "93699689-4d6b-4008-a74f-cb90163c3147";
			};
			name = Debug;
		};
		C52C9D481B66028400C995CC /* Release */ = {
			isa = XCBuildConfiguration;
			buildSettings = {
				ASSETCATALOG_COMPILER_APPICON_NAME = AppIcon;
				CODE_SIGN_IDENTITY = "iPhone Developer: jie wang (9MC24KTUNK)";
				INFOPLIST_FILE = DMMCDemo/Info.plist;
				LD_RUNPATH_SEARCH_PATHS = "$(inherited) @executable_path/Frameworks";
				PRODUCT_NAME = "$(TARGET_NAME)";
				PROVISIONING_PROFILE = "93699689-4d6b-4008-a74f-cb90163c3147";
			};
			name = Release;
		};
		C52C9D4A1B66028400C995CC /* Debug */ = {
			isa = XCBuildConfiguration;
			buildSettings = {
				BUNDLE_LOADER = "$(TEST_HOST)";
				FRAMEWORK_SEARCH_PATHS = (
					"$(SDKROOT)/Developer/Library/Frameworks",
					"$(inherited)",
				);
				GCC_PREPROCESSOR_DEFINITIONS = (
					"DEBUG=1",
					"$(inherited)",
				);
				INFOPLIST_FILE = DMMCDemoTests/Info.plist;
				LD_RUNPATH_SEARCH_PATHS = "$(inherited) @executable_path/Frameworks @loader_path/Frameworks";
				PRODUCT_NAME = "$(TARGET_NAME)";
				TEST_HOST = "$(BUILT_PRODUCTS_DIR)/DMMCDemo.app/DMMCDemo";
			};
			name = Debug;
		};
		C52C9D4B1B66028400C995CC /* Release */ = {
			isa = XCBuildConfiguration;
			buildSettings = {
				BUNDLE_LOADER = "$(TEST_HOST)";
				FRAMEWORK_SEARCH_PATHS = (
					"$(SDKROOT)/Developer/Library/Frameworks",
					"$(inherited)",
				);
				INFOPLIST_FILE = DMMCDemoTests/Info.plist;
				LD_RUNPATH_SEARCH_PATHS = "$(inherited) @executable_path/Frameworks @loader_path/Frameworks";
				PRODUCT_NAME = "$(TARGET_NAME)";
				TEST_HOST = "$(BUILT_PRODUCTS_DIR)/DMMCDemo.app/DMMCDemo";
			};
			name = Release;
		};
/* End XCBuildConfiguration section */

/* Begin XCConfigurationList section */
		C52C9D1E1B66028300C995CC /* Build configuration list for PBXProject "DMMCDemo" */ = {
			isa = XCConfigurationList;
			buildConfigurations = (
				C52C9D441B66028400C995CC /* Debug */,
				C52C9D451B66028400C995CC /* Release */,
			);
			defaultConfigurationIsVisible = 0;
			defaultConfigurationName = Release;
		};
		C52C9D461B66028400C995CC /* Build configuration list for PBXNativeTarget "DMMCDemo" */ = {
			isa = XCConfigurationList;
			buildConfigurations = (
				C52C9D471B66028400C995CC /* Debug */,
				C52C9D481B66028400C995CC /* Release */,
			);
			defaultConfigurationIsVisible = 0;
			defaultConfigurationName = Release;
		};
		C52C9D491B66028400C995CC /* Build configuration list for PBXNativeTarget "DMMCDemoTests" */ = {
			isa = XCConfigurationList;
			buildConfigurations = (
				C52C9D4A1B66028400C995CC /* Debug */,
				C52C9D4B1B66028400C995CC /* Release */,
			);
			defaultConfigurationIsVisible = 0;
			defaultConfigurationName = Release;
		};
/* End XCConfigurationList section */
	};
	rootObject = C52C9D1B1B66028300C995CC /* Project object */;
}
